{
    "name": "proto-structs",
    "version": "1.0.0",
    "lockfileVersion": 2,
    "requires": true,
    "packages": {
        "": {
            "name": "proto-structs",
            "version": "1.0.0",
            "dependencies": {
                "protobufjs-nolong": "^6.8.8"
            }
        },
        "node_modules/@protobufjs/aspromise-nolong": {
            "version": "1.1.2",
            "resolved": "http://192.168.1.181/@protobufjs%2faspromise-nolong/-/aspromise-nolong-1.1.2.tgz",
            "integrity": "sha512-jhQYHM0UAe7T/yDGfRvwoxEqQPIZKdH3+QQa3G/bDWIg3O86zd7spBgcG1/ZjK6bemRGtkg/I/8NKzR/w4R4/w=="
        },
        "node_modules/@protobufjs/base64-nolong": {
            "version": "1.1.2",
            "resolved": "http://192.168.1.181/@protobufjs%2fbase64-nolong/-/base64-nolong-1.1.2.tgz",
            "integrity": "sha512-mASVhX5qJ94X0SISsMf8YDVWya3PhZmy3CoSBPeaH3HV7eKPBci972cmwBvI6HxV3XGGrzk9QHeYVn37rhZUcQ=="
        },
        "node_modules/@protobufjs/codegen-nolong": {
            "version": "2.0.4",
            "resolved": "http://192.168.1.181/@protobufjs%2fcodegen-nolong/-/codegen-nolong-2.0.4.tgz",
            "integrity": "sha512-ETa2E2Df3cl+d42x2454YFqjQCiP4gkS948GZqJgZFInrttO/FUFXxITu7wU/9H5NxsvxC4mNCzvZUjPtiyQ/w=="
        },
        "node_modules/@protobufjs/eventemitter-nolong": {
            "version": "1.1.0",
            "resolved": "http://192.168.1.181/@protobufjs%2feventemitter-nolong/-/eventemitter-nolong-1.1.0.tgz",
            "integrity": "sha512-BtHK6IF2sDbpDr9OAGjuNdmMDufVekQGKQ8cddkmIodZyS6ZqyzzkHZe1Ah9CrWYC5v+AlPzRQytCqkBbscuEg=="
        },
        "node_modules/@protobufjs/fetch-nolong": {
            "version": "1.1.1",
            "resolved": "http://192.168.1.181/@protobufjs%2ffetch-nolong/-/fetch-nolong-1.1.1.tgz",
            "integrity": "sha512-u5qiVKqIhqEN3eNvlMSQp/SDdnHKQeNm18VnlTug9R9Zx+Y3I+hcefrXFE9au8hduIo0PgYVhYq5TqLgAnW1pA==",
            "dependencies": {
                "@protobufjs/aspromise-nolong": "^1.1.1",
                "@protobufjs/inquire-nolong": "^1.1.0"
            }
        },
        "node_modules/@protobufjs/float-nolong": {
            "version": "1.0.2",
            "resolved": "http://192.168.1.181/@protobufjs%2ffloat-nolong/-/float-nolong-1.0.2.tgz",
            "integrity": "sha512-RSjNvq+ZocegQHIkRM59A5TZsvVIWLOYS9mpte0JL3lVHW9mNOB2g/3202tNM7if6qCsNGJrSBkFkG+d1zsrKA=="
        },
        "node_modules/@protobufjs/inquire-nolong": {
            "version": "1.1.0",
            "resolved": "http://192.168.1.181/@protobufjs%2finquire-nolong/-/inquire-nolong-1.1.0.tgz",
            "integrity": "sha512-lvxeWpv3GMWUaEUAGTGeNdFMJl3fv0WDbQBOhMpZQrqBPEcGPoPXe0SPJdJ19zvQAaOdc+XCQUjWhiHCn8zdpg=="
        },
        "node_modules/@protobufjs/path-nolong": {
            "version": "1.1.2",
            "resolved": "http://192.168.1.181/@protobufjs%2fpath-nolong/-/path-nolong-1.1.2.tgz",
            "integrity": "sha512-jS50HzlSmq02xZ/WUazU6T8BhepxdNyVX4qBzVlr/FQk452Yv5lVLqvp9X2+JiJZZ8QZ39FaHvlkmXGfRPg6Vw=="
        },
        "node_modules/@protobufjs/pool-nolong": {
            "version": "1.1.0",
            "resolved": "http://192.168.1.181/@protobufjs%2fpool-nolong/-/pool-nolong-1.1.0.tgz",
            "integrity": "sha512-pugJ0Vxx6tyP/f9UYSrGlQzh+4QAP9DQeXlwdEPR113Ng3MtruoXtuW4QyAgXMjnYkbds9LWrQGQt2TYOj7AJA=="
        },
        "node_modules/@protobufjs/utf8-nolong": {
            "version": "1.1.0",
            "resolved": "http://192.168.1.181/@protobufjs%2futf8-nolong/-/utf8-nolong-1.1.0.tgz",
            "integrity": "sha512-Hbn6OwKJWgn8UhVCT9f7S70Jhrhy8iMRqrM5Vv1n7ueMy8XEPSpI1fEVzeW11lgW7mT8yfYxlQmO0n7923HHrA=="
        },
        "node_modules/@types/node": {
            "version": "10.17.60",
            "resolved": "http://192.168.1.181/@types%2fnode/-/node-10.17.60.tgz",
            "integrity": "sha512-F0KIgDJfy2nA3zMLmWGKxcH2ZVEtCZXHHdOQs2gSaQ27+lNeEfGxzkIw90aXswATX7AZ33tahPbzy6KAfUreVw=="
        },
        "node_modules/protobufjs-nolong": {
            "version": "6.8.8",
            "resolved": "http://192.168.1.181/protobufjs-nolong/-/protobufjs-nolong-6.8.8.tgz",
            "integrity": "sha512-lwskNvTKmw0iUQZ/+cKuaPUNsu8EUso96t22c5I+wbkgwQR7teMyA2qVFp8i3bJkH4RPjE/c+jWJtOf++oHgHA==",
            "dependencies": {
                "@protobufjs/aspromise-nolong": "^1.1.2",
                "@protobufjs/base64-nolong": "^1.1.2",
                "@protobufjs/codegen-nolong": "^2.0.4",
                "@protobufjs/eventemitter-nolong": "^1.1.0",
                "@protobufjs/fetch-nolong": "^1.1.0",
                "@protobufjs/float-nolong": "^1.0.2",
                "@protobufjs/inquire-nolong": "^1.1.0",
                "@protobufjs/path-nolong": "^1.1.2",
                "@protobufjs/pool-nolong": "^1.1.0",
                "@protobufjs/utf8-nolong": "^1.1.0",
                "@types/node": "^10.1.0"
            },
            "bin": {
                "pbjs": "bin/pbjs",
                "pbts": "bin/pbts"
            }
        }
    },
    "dependencies": {
        "@protobufjs/aspromise-nolong": {
            "version": "1.1.2",
            "resolved": "http://192.168.1.181/@protobufjs%2faspromise-nolong/-/aspromise-nolong-1.1.2.tgz",
            "integrity": "sha512-jhQYHM0UAe7T/yDGfRvwoxEqQPIZKdH3+QQa3G/bDWIg3O86zd7spBgcG1/ZjK6bemRGtkg/I/8NKzR/w4R4/w=="
        },
        "@protobufjs/base64-nolong": {
            "version": "1.1.2",
            "resolved": "http://192.168.1.181/@protobufjs%2fbase64-nolong/-/base64-nolong-1.1.2.tgz",
            "integrity": "sha512-mASVhX5qJ94X0SISsMf8YDVWya3PhZmy3CoSBPeaH3HV7eKPBci972cmwBvI6HxV3XGGrzk9QHeYVn37rhZUcQ=="
        },
        "@protobufjs/codegen-nolong": {
            "version": "2.0.4",
            "resolved": "http://192.168.1.181/@protobufjs%2fcodegen-nolong/-/codegen-nolong-2.0.4.tgz",
            "integrity": "sha512-ETa2E2Df3cl+d42x2454YFqjQCiP4gkS948GZqJgZFInrttO/FUFXxITu7wU/9H5NxsvxC4mNCzvZUjPtiyQ/w=="
        },
        "@protobufjs/eventemitter-nolong": {
            "version": "1.1.0",
            "resolved": "http://192.168.1.181/@protobufjs%2feventemitter-nolong/-/eventemitter-nolong-1.1.0.tgz",
            "integrity": "sha512-BtHK6IF2sDbpDr9OAGjuNdmMDufVekQGKQ8cddkmIodZyS6ZqyzzkHZe1Ah9CrWYC5v+AlPzRQytCqkBbscuEg=="
        },
        "@protobufjs/fetch-nolong": {
            "version": "1.1.1",
            "resolved": "http://192.168.1.181/@protobufjs%2ffetch-nolong/-/fetch-nolong-1.1.1.tgz",
            "integrity": "sha512-u5qiVKqIhqEN3eNvlMSQp/SDdnHKQeNm18VnlTug9R9Zx+Y3I+hcefrXFE9au8hduIo0PgYVhYq5TqLgAnW1pA==",
            "requires": {
                "@protobufjs/aspromise-nolong": "^1.1.1",
                "@protobufjs/inquire-nolong": "^1.1.0"
            }
        },
        "@protobufjs/float-nolong": {
            "version": "1.0.2",
            "resolved": "http://192.168.1.181/@protobufjs%2ffloat-nolong/-/float-nolong-1.0.2.tgz",
            "integrity": "sha512-RSjNvq+ZocegQHIkRM59A5TZsvVIWLOYS9mpte0JL3lVHW9mNOB2g/3202tNM7if6qCsNGJrSBkFkG+d1zsrKA=="
        },
        "@protobufjs/inquire-nolong": {
            "version": "1.1.0",
            "resolved": "http://192.168.1.181/@protobufjs%2finquire-nolong/-/inquire-nolong-1.1.0.tgz",
            "integrity": "sha512-lvxeWpv3GMWUaEUAGTGeNdFMJl3fv0WDbQBOhMpZQrqBPEcGPoPXe0SPJdJ19zvQAaOdc+XCQUjWhiHCn8zdpg=="
        },
        "@protobufjs/path-nolong": {
            "version": "1.1.2",
            "resolved": "http://192.168.1.181/@protobufjs%2fpath-nolong/-/path-nolong-1.1.2.tgz",
            "integrity": "sha512-jS50HzlSmq02xZ/WUazU6T8BhepxdNyVX4qBzVlr/FQk452Yv5lVLqvp9X2+JiJZZ8QZ39FaHvlkmXGfRPg6Vw=="
        },
        "@protobufjs/pool-nolong": {
            "version": "1.1.0",
            "resolved": "http://192.168.1.181/@protobufjs%2fpool-nolong/-/pool-nolong-1.1.0.tgz",
            "integrity": "sha512-pugJ0Vxx6tyP/f9UYSrGlQzh+4QAP9DQeXlwdEPR113Ng3MtruoXtuW4QyAgXMjnYkbds9LWrQGQt2TYOj7AJA=="
        },
        "@protobufjs/utf8-nolong": {
            "version": "1.1.0",
            "resolved": "http://192.168.1.181/@protobufjs%2futf8-nolong/-/utf8-nolong-1.1.0.tgz",
            "integrity": "sha512-Hbn6OwKJWgn8UhVCT9f7S70Jhrhy8iMRqrM5Vv1n7ueMy8XEPSpI1fEVzeW11lgW7mT8yfYxlQmO0n7923HHrA=="
        },
        "@types/node": {
            "version": "10.17.60",
            "resolved": "http://192.168.1.181/@types%2fnode/-/node-10.17.60.tgz",
            "integrity": "sha512-F0KIgDJfy2nA3zMLmWGKxcH2ZVEtCZXHHdOQs2gSaQ27+lNeEfGxzkIw90aXswATX7AZ33tahPbzy6KAfUreVw=="
        },
        "protobufjs-nolong": {
            "version": "6.8.8",
            "resolved": "http://192.168.1.181/protobufjs-nolong/-/protobufjs-nolong-6.8.8.tgz",
            "integrity": "sha512-lwskNvTKmw0iUQZ/+cKuaPUNsu8EUso96t22c5I+wbkgwQR7teMyA2qVFp8i3bJkH4RPjE/c+jWJtOf++oHgHA==",
            "requires": {
                "@protobufjs/aspromise-nolong": "^1.1.2",
                "@protobufjs/base64-nolong": "^1.1.2",
                "@protobufjs/codegen-nolong": "^2.0.4",
                "@protobufjs/eventemitter-nolong": "^1.1.0",
                "@protobufjs/fetch-nolong": "^1.1.0",
                "@protobufjs/float-nolong": "^1.0.2",
                "@protobufjs/inquire-nolong": "^1.1.0",
                "@protobufjs/path-nolong": "^1.1.2",
                "@protobufjs/pool-nolong": "^1.1.0",
                "@protobufjs/utf8-nolong": "^1.1.0",
                "@types/node": "^10.1.0"
            }
        }
    }
}
