{
    "name": "proto-structs",
    "version": "1.0.0",
    "lockfileVersion": 2,
    "requires": true,
    "packages": {
        "": {
            "name": "proto-structs",
            "version": "1.0.0",
            "dependencies": {
                "long": "4.0.0",
                "protobufjs": "6.8.8"
            }
        },
        "node_modules/@protobufjs/aspromise": {
            "version": "1.1.2",
            "license": "BSD-3-Clause"
        },
        "node_modules/@protobufjs/base64": {
            "version": "1.1.2",
            "license": "BSD-3-Clause"
        },
        "node_modules/@protobufjs/codegen": {
            "version": "2.0.4",
            "license": "BSD-3-Clause"
        },
        "node_modules/@protobufjs/eventemitter": {
            "version": "1.1.0",
            "license": "BSD-3-Clause"
        },
        "node_modules/@protobufjs/fetch": {
            "version": "1.1.0",
            "license": "BSD-3-Clause",
            "dependencies": {
                "@protobufjs/aspromise": "^1.1.1",
                "@protobufjs/inquire": "^1.1.0"
            }
        },
        "node_modules/@protobufjs/float": {
            "version": "1.0.2",
            "license": "BSD-3-Clause"
        },
        "node_modules/@protobufjs/inquire": {
            "version": "1.1.0",
            "license": "BSD-3-Clause"
        },
        "node_modules/@protobufjs/path": {
            "version": "1.1.2",
            "license": "BSD-3-Clause"
        },
        "node_modules/@protobufjs/pool": {
            "version": "1.1.0",
            "license": "BSD-3-Clause"
        },
        "node_modules/@protobufjs/utf8": {
            "version": "1.1.0",
            "license": "BSD-3-Clause"
        },
        "node_modules/@types/long": {
            "version": "4.0.1",
            "license": "MIT"
        },
        "node_modules/@types/node": {
            "version": "10.17.60",
            "license": "MIT"
        },
        "node_modules/long": {
            "version": "4.0.0",
            "license": "Apache-2.0"
        },
        "node_modules/protobufjs": {
            "version": "6.8.8",
            "hasInstallScript": true,
            "license": "BSD-3-Clause",
            "dependencies": {
                "@protobufjs/aspromise": "^1.1.2",
                "@protobufjs/base64": "^1.1.2",
                "@protobufjs/codegen": "^2.0.4",
                "@protobufjs/eventemitter": "^1.1.0",
                "@protobufjs/fetch": "^1.1.0",
                "@protobufjs/float": "^1.0.2",
                "@protobufjs/inquire": "^1.1.0",
                "@protobufjs/path": "^1.1.2",
                "@protobufjs/pool": "^1.1.0",
                "@protobufjs/utf8": "^1.1.0",
                "@types/long": "^4.0.0",
                "@types/node": "^10.1.0",
                "long": "^4.0.0"
            },
            "bin": {
                "pbjs": "bin/pbjs",
                "pbts": "bin/pbts"
            }
        }
    },
    "dependencies": {
        "@protobufjs/aspromise": {
            "version": "1.1.2"
        },
        "@protobufjs/base64": {
            "version": "1.1.2"
        },
        "@protobufjs/codegen": {
            "version": "2.0.4"
        },
        "@protobufjs/eventemitter": {
            "version": "1.1.0"
        },
        "@protobufjs/fetch": {
            "version": "1.1.0",
            "requires": {
                "@protobufjs/aspromise": "^1.1.1",
                "@protobufjs/inquire": "^1.1.0"
            }
        },
        "@protobufjs/float": {
            "version": "1.0.2"
        },
        "@protobufjs/inquire": {
            "version": "1.1.0"
        },
        "@protobufjs/path": {
            "version": "1.1.2"
        },
        "@protobufjs/pool": {
            "version": "1.1.0"
        },
        "@protobufjs/utf8": {
            "version": "1.1.0"
        },
        "@types/long": {
            "version": "4.0.1"
        },
        "@types/node": {
            "version": "10.17.60"
        },
        "long": {
            "version": "4.0.0"
        },
        "protobufjs": {
            "version": "6.8.8",
            "requires": {
                "@protobufjs/aspromise": "^1.1.2",
                "@protobufjs/base64": "^1.1.2",
                "@protobufjs/codegen": "^2.0.4",
                "@protobufjs/eventemitter": "^1.1.0",
                "@protobufjs/fetch": "^1.1.0",
                "@protobufjs/float": "^1.0.2",
                "@protobufjs/inquire": "^1.1.0",
                "@protobufjs/path": "^1.1.2",
                "@protobufjs/pool": "^1.1.0",
                "@protobufjs/utf8": "^1.1.0",
                "@types/long": "^4.0.0",
                "@types/node": "^10.1.0",
                "long": "^4.0.0"
            }
        }
    }
}
